// !$*UTF8*$!
{
	archiveVersion = 1;
	classes = {
	};
	objectVersion = 55;
	objects = {

/* Begin PBXBuildFile section */
		C1555ECC27EC113C00F0744F /* BackgroundImgView.swift in Sources */ = {isa = PBXBuildFile; fileRef = C1555ECB27EC113C00F0744F /* BackgroundImgView.swift */; };
		C1555ECE27EC11F300F0744F /* UserNameAvatarView.swift in Sources */ = {isa = PBXBuildFile; fileRef = C1555ECD27EC11F300F0744F /* UserNameAvatarView.swift */; };
		C1555ED027EC1EB500F0744F /* MomentView.swift in Sources */ = {isa = PBXBuildFile; fileRef = C1555ECF27EC1EB500F0744F /* MomentView.swift */; };
		C1555ED427EC3D5C00F0744F /* MomentPicsView.swift in Sources */ = {isa = PBXBuildFile; fileRef = C1555ED327EC3D5C00F0744F /* MomentPicsView.swift */; };
		C1555ED627EC45D300F0744F /* MomentData.swift in Sources */ = {isa = PBXBuildFile; fileRef = C1555ED527EC45D300F0744F /* MomentData.swift */; };
		C1D8A1FE27EAF97A00CCCED7 /* UI_ComponentApp.swift in Sources */ = {isa = PBXBuildFile; fileRef = C1D8A1FD27EAF97A00CCCED7 /* UI_ComponentApp.swift */; };
		C1D8A20027EAF97A00CCCED7 /* ContentView.swift in Sources */ = {isa = PBXBuildFile; fileRef = C1D8A1FF27EAF97A00CCCED7 /* ContentView.swift */; };
		C1D8A20227EAF97C00CCCED7 /* Assets.xcassets in Resources */ = {isa = PBXBuildFile; fileRef = C1D8A20127EAF97C00CCCED7 /* Assets.xcassets */; };
		C1D8A20527EAF97C00CCCED7 /* Preview Assets.xcassets in Resources */ = {isa = PBXBuildFile; fileRef = C1D8A20427EAF97C00CCCED7 /* Preview Assets.xcassets */; };
		C1D8A20F27EAF97C00CCCED7 /* UI_ComponentTests.swift in Sources */ = {isa = PBXBuildFile; fileRef = C1D8A20E27EAF97C00CCCED7 /* UI_ComponentTests.swift */; };
		C1D8A21927EAF97C00CCCED7 /* UI_ComponentUITests.swift in Sources */ = {isa = PBXBuildFile; fileRef = C1D8A21827EAF97C00CCCED7 /* UI_ComponentUITests.swift */; };
		C1D8A21B27EAF97C00CCCED7 /* UI_ComponentUITestsLaunchTests.swift in Sources */ = {isa = PBXBuildFile; fileRef = C1D8A21A27EAF97C00CCCED7 /* UI_ComponentUITestsLaunchTests.swift */; };
		C1D8A22927EB015E00CCCED7 /* ChatsView.swift in Sources */ = {isa = PBXBuildFile; fileRef = C1D8A22827EB015E00CCCED7 /* ChatsView.swift */; };
		C1D8A22B27EB016B00CCCED7 /* ContactsView.swift in Sources */ = {isa = PBXBuildFile; fileRef = C1D8A22A27EB016B00CCCED7 /* ContactsView.swift */; };
		C1D8A22D27EB017800CCCED7 /* DiscoverView.swift in Sources */ = {isa = PBXBuildFile; fileRef = C1D8A22C27EB017800CCCED7 /* DiscoverView.swift */; };
		C1D8A22F27EB018600CCCED7 /* MyInfoView.swift in Sources */ = {isa = PBXBuildFile; fileRef = C1D8A22E27EB018600CCCED7 /* MyInfoView.swift */; };
		C1D8A23127EB1D3500CCCED7 /* DiscoverItemView.swift in Sources */ = {isa = PBXBuildFile; fileRef = C1D8A23027EB1D3500CCCED7 /* DiscoverItemView.swift */; };
		C1D8A23327EB1F3100CCCED7 /* MomentsView.swift in Sources */ = {isa = PBXBuildFile; fileRef = C1D8A23227EB1F3100CCCED7 /* MomentsView.swift */; };
/* End PBXBuildFile section */

/* Begin PBXContainerItemProxy section */
		C1D8A20B27EAF97C00CCCED7 /* PBXContainerItemProxy */ = {
			isa = PBXContainerItemProxy;
			containerPortal = C1D8A1F227EAF97A00CCCED7 /* Project object */;
			proxyType = 1;
			remoteGlobalIDString = C1D8A1F927EAF97A00CCCED7;
			remoteInfo = "UI-Component";
		};
		C1D8A21527EAF97C00CCCED7 /* PBXContainerItemProxy */ = {
			isa = PBXContainerItemProxy;
			containerPortal = C1D8A1F227EAF97A00CCCED7 /* Project object */;
			proxyType = 1;
			remoteGlobalIDString = C1D8A1F927EAF97A00CCCED7;
			remoteInfo = "UI-Component";
		};
/* End PBXContainerItemProxy section */

/* Begin PBXFileReference section */
		C1555ECB27EC113C00F0744F /* BackgroundImgView.swift */ = {isa = PBXFileReference; lastKnownFileType = sourcecode.swift; path = BackgroundImgView.swift; sourceTree = "<group>"; };
		C1555ECD27EC11F300F0744F /* UserNameAvatarView.swift */ = {isa = PBXFileReference; lastKnownFileType = sourcecode.swift; path = UserNameAvatarView.swift; sourceTree = "<group>"; };
		C1555ECF27EC1EB500F0744F /* MomentView.swift */ = {isa = PBXFileReference; lastKnownFileType = sourcecode.swift; path = MomentView.swift; sourceTree = "<group>"; };
		C1555ED327EC3D5C00F0744F /* MomentPicsView.swift */ = {isa = PBXFileReference; lastKnownFileType = sourcecode.swift; path = MomentPicsView.swift; sourceTree = "<group>"; };
		C1555ED527EC45D300F0744F /* MomentData.swift */ = {isa = PBXFileReference; lastKnownFileType = sourcecode.swift; path = MomentData.swift; sourceTree = "<group>"; };
		C1D8A1FA27EAF97A00CCCED7 /* UI-Component.app */ = {isa = PBXFileReference; explicitFileType = wrapper.application; includeInIndex = 0; path = "UI-Component.app"; sourceTree = BUILT_PRODUCTS_DIR; };
		C1D8A1FD27EAF97A00CCCED7 /* UI_ComponentApp.swift */ = {isa = PBXFileReference; lastKnownFileType = sourcecode.swift; path = UI_ComponentApp.swift; sourceTree = "<group>"; };
		C1D8A1FF27EAF97A00CCCED7 /* ContentView.swift */ = {isa = PBXFileReference; lastKnownFileType = sourcecode.swift; path = ContentView.swift; sourceTree = "<group>"; };
		C1D8A20127EAF97C00CCCED7 /* Assets.xcassets */ = {isa = PBXFileReference; lastKnownFileType = folder.assetcatalog; path = Assets.xcassets; sourceTree = "<group>"; };
		C1D8A20427EAF97C00CCCED7 /* Preview Assets.xcassets */ = {isa = PBXFileReference; lastKnownFileType = folder.assetcatalog; path = "Preview Assets.xcassets"; sourceTree = "<group>"; };
		C1D8A20A27EAF97C00CCCED7 /* UI-ComponentTests.xctest */ = {isa = PBXFileReference; explicitFileType = wrapper.cfbundle; includeInIndex = 0; path = "UI-ComponentTests.xctest"; sourceTree = BUILT_PRODUCTS_DIR; };
		C1D8A20E27EAF97C00CCCED7 /* UI_ComponentTests.swift */ = {isa = PBXFileReference; lastKnownFileType = sourcecode.swift; path = UI_ComponentTests.swift; sourceTree = "<group>"; };
		C1D8A21427EAF97C00CCCED7 /* UI-ComponentUITests.xctest */ = {isa = PBXFileReference; explicitFileType = wrapper.cfbundle; includeInIndex = 0; path = "UI-ComponentUITests.xctest"; sourceTree = BUILT_PRODUCTS_DIR; };
		C1D8A21827EAF97C00CCCED7 /* UI_ComponentUITests.swift */ = {isa = PBXFileReference; lastKnownFileType = sourcecode.swift; path = UI_ComponentUITests.swift; sourceTree = "<group>"; };
		C1D8A21A27EAF97C00CCCED7 /* UI_ComponentUITestsLaunchTests.swift */ = {isa = PBXFileReference; lastKnownFileType = sourcecode.swift; path = UI_ComponentUITestsLaunchTests.swift; sourceTree = "<group>"; };
		C1D8A22827EB015E00CCCED7 /* ChatsView.swift */ = {isa = PBXFileReference; lastKnownFileType = sourcecode.swift; path = ChatsView.swift; sourceTree = "<group>"; };
		C1D8A22A27EB016B00CCCED7 /* ContactsView.swift */ = {isa = PBXFileReference; lastKnownFileType = sourcecode.swift; path = ContactsView.swift; sourceTree = "<group>"; };
		C1D8A22C27EB017800CCCED7 /* DiscoverView.swift */ = {isa = PBXFileReference; lastKnownFileType = sourcecode.swift; path = DiscoverView.swift; sourceTree = "<group>"; };
		C1D8A22E27EB018600CCCED7 /* MyInfoView.swift */ = {isa = PBXFileReference; lastKnownFileType = sourcecode.swift; path = MyInfoView.swift; sourceTree = "<group>"; };
		C1D8A23027EB1D3500CCCED7 /* DiscoverItemView.swift */ = {isa = PBXFileReference; lastKnownFileType = sourcecode.swift; path = DiscoverItemView.swift; sourceTree = "<group>"; };
		C1D8A23227EB1F3100CCCED7 /* MomentsView.swift */ = {isa = PBXFileReference; lastKnownFileType = sourcecode.swift; path = MomentsView.swift; sourceTree = "<group>"; };
/* End PBXFileReference section */

/* Begin PBXFrameworksBuildPhase section */
		C1D8A1F727EAF97A00CCCED7 /* Frameworks */ = {
			isa = PBXFrameworksBuildPhase;
			buildActionMask = 2147483647;
			files = (
			);
			runOnlyForDeploymentPostprocessing = 0;
		};
		C1D8A20727EAF97C00CCCED7 /* Frameworks */ = {
			isa = PBXFrameworksBuildPhase;
			buildActionMask = 2147483647;
			files = (
			);
			runOnlyForDeploymentPostprocessing = 0;
		};
		C1D8A21127EAF97C00CCCED7 /* Frameworks */ = {
			isa = PBXFrameworksBuildPhase;
			buildActionMask = 2147483647;
			files = (
			);
			runOnlyForDeploymentPostprocessing = 0;
		};
/* End PBXFrameworksBuildPhase section */

/* Begin PBXGroup section */
		C1555ECA27EC112300F0744F /* MomentsItems */ = {
			isa = PBXGroup;
			children = (
				C1555ECB27EC113C00F0744F /* BackgroundImgView.swift */,
				C1555ECD27EC11F300F0744F /* UserNameAvatarView.swift */,
				C1555ECF27EC1EB500F0744F /* MomentView.swift */,
				C1555ED327EC3D5C00F0744F /* MomentPicsView.swift */,
			);
			path = MomentsItems;
			sourceTree = "<group>";
		};
		C1D8A1F127EAF97A00CCCED7 = {
			isa = PBXGroup;
			children = (
				C1D8A1FC27EAF97A00CCCED7 /* UI-Component */,
				C1D8A20D27EAF97C00CCCED7 /* UI-ComponentTests */,
				C1D8A21727EAF97C00CCCED7 /* UI-ComponentUITests */,
				C1D8A1FB27EAF97A00CCCED7 /* Products */,
			);
			sourceTree = "<group>";
		};
		C1D8A1FB27EAF97A00CCCED7 /* Products */ = {
			isa = PBXGroup;
			children = (
				C1D8A1FA27EAF97A00CCCED7 /* UI-Component.app */,
				C1D8A20A27EAF97C00CCCED7 /* UI-ComponentTests.xctest */,
				C1D8A21427EAF97C00CCCED7 /* UI-ComponentUITests.xctest */,
			);
			name = Products;
			sourceTree = "<group>";
		};
		C1D8A1FC27EAF97A00CCCED7 /* UI-Component */ = {
			isa = PBXGroup;
			children = (
				C1D8A22727EB011A00CCCED7 /* Views */,
				C1D8A1FD27EAF97A00CCCED7 /* UI_ComponentApp.swift */,
				C1D8A1FF27EAF97A00CCCED7 /* ContentView.swift */,
				C1D8A20127EAF97C00CCCED7 /* Assets.xcassets */,
				C1D8A20327EAF97C00CCCED7 /* Preview Content */,
				C1555ED527EC45D300F0744F /* MomentData.swift */,
			);
			path = "UI-Component";
			sourceTree = "<group>";
		};
		C1D8A20327EAF97C00CCCED7 /* Preview Content */ = {
			isa = PBXGroup;
			children = (
				C1D8A20427EAF97C00CCCED7 /* Preview Assets.xcassets */,
			);
			path = "Preview Content";
			sourceTree = "<group>";
		};
		C1D8A20D27EAF97C00CCCED7 /* UI-ComponentTests */ = {
			isa = PBXGroup;
			children = (
				C1D8A20E27EAF97C00CCCED7 /* UI_ComponentTests.swift */,
			);
			path = "UI-ComponentTests";
			sourceTree = "<group>";
		};
		C1D8A21727EAF97C00CCCED7 /* UI-ComponentUITests */ = {
			isa = PBXGroup;
			children = (
				C1D8A21827EAF97C00CCCED7 /* UI_ComponentUITests.swift */,
				C1D8A21A27EAF97C00CCCED7 /* UI_ComponentUITestsLaunchTests.swift */,
			);
			path = "UI-ComponentUITests";
			sourceTree = "<group>";
		};
		C1D8A22727EB011A00CCCED7 /* Views */ = {
			isa = PBXGroup;
			children = (
				C1555ECA27EC112300F0744F /* MomentsItems */,
				C1D8A22827EB015E00CCCED7 /* ChatsView.swift */,
				C1D8A22A27EB016B00CCCED7 /* ContactsView.swift */,
				C1D8A22C27EB017800CCCED7 /* DiscoverView.swift */,
				C1D8A22E27EB018600CCCED7 /* MyInfoView.swift */,
				C1D8A23027EB1D3500CCCED7 /* DiscoverItemView.swift */,
				C1D8A23227EB1F3100CCCED7 /* MomentsView.swift */,
			);
			path = Views;
			sourceTree = "<group>";
		};
/* End PBXGroup section */

/* Begin PBXNativeTarget section */
		C1D8A1F927EAF97A00CCCED7 /* UI-Component */ = {
			isa = PBXNativeTarget;
			buildConfigurationList = C1D8A21E27EAF97C00CCCED7 /* Build configuration list for PBXNativeTarget "UI-Component" */;
			buildPhases = (
				C1D8A1F627EAF97A00CCCED7 /* Sources */,
				C1D8A1F727EAF97A00CCCED7 /* Frameworks */,
				C1D8A1F827EAF97A00CCCED7 /* Resources */,
			);
			buildRules = (
			);
			dependencies = (
			);
			name = "UI-Component";
			productName = "UI-Component";
			productReference = C1D8A1FA27EAF97A00CCCED7 /* UI-Component.app */;
			productType = "com.apple.product-type.application";
		};
		C1D8A20927EAF97C00CCCED7 /* UI-ComponentTests */ = {
			isa = PBXNativeTarget;
			buildConfigurationList = C1D8A22127EAF97C00CCCED7 /* Build configuration list for PBXNativeTarget "UI-ComponentTests" */;
			buildPhases = (
				C1D8A20627EAF97C00CCCED7 /* Sources */,
				C1D8A20727EAF97C00CCCED7 /* Frameworks */,
				C1D8A20827EAF97C00CCCED7 /* Resources */,
			);
			buildRules = (
			);
			dependencies = (
				C1D8A20C27EAF97C00CCCED7 /* PBXTargetDependency */,
			);
			name = "UI-ComponentTests";
			productName = "UI-ComponentTests";
			productReference = C1D8A20A27EAF97C00CCCED7 /* UI-ComponentTests.xctest */;
			productType = "com.apple.product-type.bundle.unit-test";
		};
		C1D8A21327EAF97C00CCCED7 /* UI-ComponentUITests */ = {
			isa = PBXNativeTarget;
			buildConfigurationList = C1D8A22427EAF97C00CCCED7 /* Build configuration list for PBXNativeTarget "UI-ComponentUITests" */;
			buildPhases = (
				C1D8A21027EAF97C00CCCED7 /* Sources */,
				C1D8A21127EAF97C00CCCED7 /* Frameworks */,
				C1D8A21227EAF97C00CCCED7 /* Resources */,
			);
			buildRules = (
			);
			dependencies = (
				C1D8A21627EAF97C00CCCED7 /* PBXTargetDependency */,
			);
			name = "UI-ComponentUITests";
			productName = "UI-ComponentUITests";
			productReference = C1D8A21427EAF97C00CCCED7 /* UI-ComponentUITests.xctest */;
			productType = "com.apple.product-type.bundle.ui-testing";
		};
/* End PBXNativeTarget section */

/* Begin PBXProject section */
		C1D8A1F227EAF97A00CCCED7 /* Project object */ = {
			isa = PBXProject;
			attributes = {
				BuildIndependentTargetsInParallel = 1;
				LastSwiftUpdateCheck = 1330;
				LastUpgradeCheck = 1330;
				TargetAttributes = {
					C1D8A1F927EAF97A00CCCED7 = {
						CreatedOnToolsVersion = 13.3;
					};
					C1D8A20927EAF97C00CCCED7 = {
						CreatedOnToolsVersion = 13.3;
						TestTargetID = C1D8A1F927EAF97A00CCCED7;
					};
					C1D8A21327EAF97C00CCCED7 = {
						CreatedOnToolsVersion = 13.3;
						TestTargetID = C1D8A1F927EAF97A00CCCED7;
					};
				};
			};
			buildConfigurationList = C1D8A1F527EAF97A00CCCED7 /* Build configuration list for PBXProject "UI-Component" */;
			compatibilityVersion = "Xcode 13.0";
			developmentRegion = en;
			hasScannedForEncodings = 0;
			knownRegions = (
				en,
				Base,
			);
			mainGroup = C1D8A1F127EAF97A00CCCED7;
			productRefGroup = C1D8A1FB27EAF97A00CCCED7 /* Products */;
			projectDirPath = "";
			projectRoot = "";
			targets = (
				C1D8A1F927EAF97A00CCCED7 /* UI-Component */,
				C1D8A20927EAF97C00CCCED7 /* UI-ComponentTests */,
				C1D8A21327EAF97C00CCCED7 /* UI-ComponentUITests */,
			);
		};
/* End PBXProject section */

/* Begin PBXResourcesBuildPhase section */
		C1D8A1F827EAF97A00CCCED7 /* Resources */ = {
			isa = PBXResourcesBuildPhase;
			buildActionMask = 2147483647;
			files = (
				C1D8A20527EAF97C00CCCED7 /* Preview Assets.xcassets in Resources */,
				C1D8A20227EAF97C00CCCED7 /* Assets.xcassets in Resources */,
			);
			runOnlyForDeploymentPostprocessing = 0;
		};
		C1D8A20827EAF97C00CCCED7 /* Resources */ = {
			isa = PBXResourcesBuildPhase;
			buildActionMask = 2147483647;
			files = (
			);
			runOnlyForDeploymentPostprocessing = 0;
		};
		C1D8A21227EAF97C00CCCED7 /* Resources */ = {
			isa = PBXResourcesBuildPhase;
			buildActionMask = 2147483647;
			files = (
			);
			runOnlyForDeploymentPostprocessing = 0;
		};
/* End PBXResourcesBuildPhase section */

/* Begin PBXSourcesBuildPhase section */
		C1D8A1F627EAF97A00CCCED7 /* Sources */ = {
			isa = PBXSourcesBuildPhase;
			buildActionMask = 2147483647;
			files = (
				C1555ECE27EC11F300F0744F /* UserNameAvatarView.swift in Sources */,
				C1D8A22927EB015E00CCCED7 /* ChatsView.swift in Sources */,
				C1D8A20027EAF97A00CCCED7 /* ContentView.swift in Sources */,
				C1555ED027EC1EB500F0744F /* MomentView.swift in Sources */,
				C1D8A23327EB1F3100CCCED7 /* MomentsView.swift in Sources */,
				C1555ED427EC3D5C00F0744F /* MomentPicsView.swift in Sources */,
				C1D8A22D27EB017800CCCED7 /* DiscoverView.swift in Sources */,
				C1D8A23127EB1D3500CCCED7 /* DiscoverItemView.swift in Sources */,
				C1D8A1FE27EAF97A00CCCED7 /* UI_ComponentApp.swift in Sources */,
				C1555ECC27EC113C00F0744F /* BackgroundImgView.swift in Sources */,
				C1D8A22F27EB018600CCCED7 /* MyInfoView.swift in Sources */,
				C1555ED627EC45D300F0744F /* MomentData.swift in Sources */,
				C1D8A22B27EB016B00CCCED7 /* ContactsView.swift in Sources */,
			);
			runOnlyForDeploymentPostprocessing = 0;
		};
		C1D8A20627EAF97C00CCCED7 /* Sources */ = {
			isa = PBXSourcesBuildPhase;
			buildActionMask = 2147483647;
			files = (
				C1D8A20F27EAF97C00CCCED7 /* UI_ComponentTests.swift in Sources */,
			);
			runOnlyForDeploymentPostprocessing = 0;
		};
		C1D8A21027EAF97C00CCCED7 /* Sources */ = {
			isa = PBXSourcesBuildPhase;
			buildActionMask = 2147483647;
			files = (
				C1D8A21B27EAF97C00CCCED7 /* UI_ComponentUITestsLaunchTests.swift in Sources */,
				C1D8A21927EAF97C00CCCED7 /* UI_ComponentUITests.swift in Sources */,
			);
			runOnlyForDeploymentPostprocessing = 0;
		};
/* End PBXSourcesBuildPhase section */

/* Begin PBXTargetDependency section */
		C1D8A20C27EAF97C00CCCED7 /* PBXTargetDependency */ = {
			isa = PBXTargetDependency;
			target = C1D8A1F927EAF97A00CCCED7 /* UI-Component */;
			targetProxy = C1D8A20B27EAF97C00CCCED7 /* PBXContainerItemProxy */;
		};
		C1D8A21627EAF97C00CCCED7 /* PBXTargetDependency */ = {
			isa = PBXTargetDependency;
			target = C1D8A1F927EAF97A00CCCED7 /* UI-Component */;
			targetProxy = C1D8A21527EAF97C00CCCED7 /* PBXContainerItemProxy */;
		};
/* End PBXTargetDependency section */

/* Begin XCBuildConfiguration section */
		C1D8A21C27EAF97C00CCCED7 /* Debug */ = {
			isa = XCBuildConfiguration;
			buildSettings = {
				ALWAYS_SEARCH_USER_PATHS = NO;
				CLANG_ANALYZER_NONNULL = YES;
				CLANG_ANALYZER_NUMBER_OBJECT_CONVERSION = YES_AGGRESSIVE;
				CLANG_CXX_LANGUAGE_STANDARD = "gnu++17";
				CLANG_ENABLE_MODULES = YES;
				CLANG_ENABLE_OBJC_ARC = YES;
				CLANG_ENABLE_OBJC_WEAK = YES;
				CLANG_WARN_BLOCK_CAPTURE_AUTORELEASING = YES;
				CLANG_WARN_BOOL_CONVERSION = YES;
				CLANG_WARN_COMMA = YES;
				CLANG_WARN_CONSTANT_CONVERSION = YES;
				CLANG_WARN_DEPRECATED_OBJC_IMPLEMENTATIONS = YES;
				CLANG_WARN_DIRECT_OBJC_ISA_USAGE = YES_ERROR;
				CLANG_WARN_DOCUMENTATION_COMMENTS = YES;
				CLANG_WARN_EMPTY_BODY = YES;
				CLANG_WARN_ENUM_CONVERSION = YES;
				CLANG_WARN_INFINITE_RECURSION = YES;
				CLANG_WARN_INT_CONVERSION = YES;
				CLANG_WARN_NON_LITERAL_NULL_CONVERSION = YES;
				CLANG_WARN_OBJC_IMPLICIT_RETAIN_SELF = YES;
				CLANG_WARN_OBJC_LITERAL_CONVERSION = YES;
				CLANG_WARN_OBJC_ROOT_CLASS = YES_ERROR;
				CLANG_WARN_QUOTED_INCLUDE_IN_FRAMEWORK_HEADER = YES;
				CLANG_WARN_RANGE_LOOP_ANALYSIS = YES;
				CLANG_WARN_STRICT_PROTOTYPES = YES;
				CLANG_WARN_SUSPICIOUS_MOVE = YES;
				CLANG_WARN_UNGUARDED_AVAILABILITY = YES_AGGRESSIVE;
				CLANG_WARN_UNREACHABLE_CODE = YES;
				CLANG_WARN__DUPLICATE_METHOD_MATCH = YES;
				COPY_PHASE_STRIP = NO;
				DEBUG_INFORMATION_FORMAT = dwarf;
				ENABLE_STRICT_OBJC_MSGSEND = YES;
				ENABLE_TESTABILITY = YES;
				GCC_C_LANGUAGE_STANDARD = gnu11;
				GCC_DYNAMIC_NO_PIC = NO;
				GCC_NO_COMMON_BLOCKS = YES;
				GCC_OPTIMIZATION_LEVEL = 0;
				GCC_PREPROCESSOR_DEFINITIONS = (
					"DEBUG=1",
					"$(inherited)",
				);
				GCC_WARN_64_TO_32_BIT_CONVERSION = YES;
				GCC_WARN_ABOUT_RETURN_TYPE = YES_ERROR;
				GCC_WARN_UNDECLARED_SELECTOR = YES;
				GCC_WARN_UNINITIALIZED_AUTOS = YES_AGGRESSIVE;
				GCC_WARN_UNUSED_FUNCTION = YES;
				GCC_WARN_UNUSED_VARIABLE = YES;
				IPHONEOS_DEPLOYMENT_TARGET = 15.4;
				MTL_ENABLE_DEBUG_INFO = INCLUDE_SOURCE;
				MTL_FAST_MATH = YES;
				ONLY_ACTIVE_ARCH = YES;
				SDKROOT = iphoneos;
				SWIFT_ACTIVE_COMPILATION_CONDITIONS = DEBUG;
				SWIFT_OPTIMIZATION_LEVEL = "-Onone";
			};
			name = Debug;
		};
		C1D8A21D27EAF97C00CCCED7 /* Release */ = {
			isa = XCBuildConfiguration;
			buildSettings = {
				ALWAYS_SEARCH_USER_PATHS = NO;
				CLANG_ANALYZER_NONNULL = YES;
				CLANG_ANALYZER_NUMBER_OBJECT_CONVERSION = YES_AGGRESSIVE;
				CLANG_CXX_LANGUAGE_STANDARD = "gnu++17";
				CLANG_ENABLE_MODULES = YES;
				CLANG_ENABLE_OBJC_ARC = YES;
				CLANG_ENABLE_OBJC_WEAK = YES;
				CLANG_WARN_BLOCK_CAPTURE_AUTORELEASING = YES;
				CLANG_WARN_BOOL_CONVERSION = YES;
				CLANG_WARN_COMMA = YES;
				CLANG_WARN_CONSTANT_CONVERSION = YES;
				CLANG_WARN_DEPRECATED_OBJC_IMPLEMENTATIONS = YES;
				CLANG_WARN_DIRECT_OBJC_ISA_USAGE = YES_ERROR;
				CLANG_WARN_DOCUMENTATION_COMMENTS = YES;
				CLANG_WARN_EMPTY_BODY = YES;
				CLANG_WARN_ENUM_CONVERSION = YES;
				CLANG_WARN_INFINITE_RECURSION = YES;
				CLANG_WARN_INT_CONVERSION = YES;
				CLANG_WARN_NON_LITERAL_NULL_CONVERSION = YES;
				CLANG_WARN_OBJC_IMPLICIT_RETAIN_SELF = YES;
				CLANG_WARN_OBJC_LITERAL_CONVERSION = YES;
				CLANG_WARN_OBJC_ROOT_CLASS = YES_ERROR;
				CLANG_WARN_QUOTED_INCLUDE_IN_FRAMEWORK_HEADER = YES;
				CLANG_WARN_RANGE_LOOP_ANALYSIS = YES;
				CLANG_WARN_STRICT_PROTOTYPES = YES;
				CLANG_WARN_SUSPICIOUS_MOVE = YES;
				CLANG_WARN_UNGUARDED_AVAILABILITY = YES_AGGRESSIVE;
				CLANG_WARN_UNREACHABLE_CODE = YES;
				CLANG_WARN__DUPLICATE_METHOD_MATCH = YES;
				COPY_PHASE_STRIP = NO;
				DEBUG_INFORMATION_FORMAT = "dwarf-with-dsym";
				ENABLE_NS_ASSERTIONS = NO;
				ENABLE_STRICT_OBJC_MSGSEND = YES;
				GCC_C_LANGUAGE_STANDARD = gnu11;
				GCC_NO_COMMON_BLOCKS = YES;
				GCC_WARN_64_TO_32_BIT_CONVERSION = YES;
				GCC_WARN_ABOUT_RETURN_TYPE = YES_ERROR;
				GCC_WARN_UNDECLARED_SELECTOR = YES;
				GCC_WARN_UNINITIALIZED_AUTOS = YES_AGGRESSIVE;
				GCC_WARN_UNUSED_FUNCTION = YES;
				GCC_WARN_UNUSED_VARIABLE = YES;
				IPHONEOS_DEPLOYMENT_TARGET = 15.4;
				MTL_ENABLE_DEBUG_INFO = NO;
				MTL_FAST_MATH = YES;
				SDKROOT = iphoneos;
				SWIFT_COMPILATION_MODE = wholemodule;
				SWIFT_OPTIMIZATION_LEVEL = "-O";
				VALIDATE_PRODUCT = YES;
			};
			name = Release;
		};
		C1D8A21F27EAF97C00CCCED7 /* Debug */ = {
			isa = XCBuildConfiguration;
			buildSettings = {
				ASSETCATALOG_COMPILER_APPICON_NAME = AppIcon;
				ASSETCATALOG_COMPILER_GLOBAL_ACCENT_COLOR_NAME = AccentColor;
				CODE_SIGN_STYLE = Automatic;
				CURRENT_PROJECT_VERSION = 1;
				DEVELOPMENT_ASSET_PATHS = "\"UI-Component/Preview Content\"";
				ENABLE_PREVIEWS = YES;
				GENERATE_INFOPLIST_FILE = YES;
				INFOPLIST_KEY_UIApplicationSceneManifest_Generation = YES;
				INFOPLIST_KEY_UIApplicationSupportsIndirectInputEvents = YES;
				INFOPLIST_KEY_UILaunchScreen_Generation = YES;
				INFOPLIST_KEY_UISupportedInterfaceOrientations_iPad = "UIInterfaceOrientationPortrait UIInterfaceOrientationPortraitUpsideDown UIInterfaceOrientationLandscapeLeft UIInterfaceOrientationLandscapeRight";
				INFOPLIST_KEY_UISupportedInterfaceOrientations_iPhone = "UIInterfaceOrientationPortrait UIInterfaceOrientationLandscapeLeft UIInterfaceOrientationLandscapeRight";
				LD_RUNPATH_SEARCH_PATHS = (
					"$(inherited)",
					"@executable_path/Frameworks",
				);
				MARKETING_VERSION = 1.0;
				PRODUCT_BUNDLE_IDENTIFIER = "com.my.UI-Component";
				PRODUCT_NAME = "$(TARGET_NAME)";
				SWIFT_EMIT_LOC_STRINGS = YES;
				SWIFT_VERSION = 5.0;
				TARGETED_DEVICE_FAMILY = "1,2";
			};
			name = Debug;
		};
		C1D8A22027EAF97C00CCCED7 /* Release */ = {
			isa = XCBuildConfiguration;
			buildSettings = {
				ASSETCATALOG_COMPILER_APPICON_NAME = AppIcon;
				ASSETCATALOG_COMPILER_GLOBAL_ACCENT_COLOR_NAME = AccentColor;
				CODE_SIGN_STYLE = Automatic;
				CURRENT_PROJECT_VERSION = 1;
				DEVELOPMENT_ASSET_PATHS = "\"UI-Component/Preview Content\"";
				ENABLE_PREVIEWS = YES;
				GENERATE_INFOPLIST_FILE = YES;
				INFOPLIST_KEY_UIApplicationSceneManifest_Generation = YES;
				INFOPLIST_KEY_UIApplicationSupportsIndirectInputEvents = YES;
				INFOPLIST_KEY_UILaunchScreen_Generation = YES;
				INFOPLIST_KEY_UISupportedInterfaceOrientations_iPad = "UIInterfaceOrientationPortrait UIInterfaceOrientationPortraitUpsideDown UIInterfaceOrientationLandscapeLeft UIInterfaceOrientationLandscapeRight";
				INFOPLIST_KEY_UISupportedInterfaceOrientations_iPhone = "UIInterfaceOrientationPortrait UIInterfaceOrientationLandscapeLeft UIInterfaceOrientationLandscapeRight";
				LD_RUNPATH_SEARCH_PATHS = (
					"$(inherited)",
					"@executable_path/Frameworks",
				);
				MARKETING_VERSION = 1.0;
				PRODUCT_BUNDLE_IDENTIFIER = "com.my.UI-Component";
				PRODUCT_NAME = "$(TARGET_NAME)";
				SWIFT_EMIT_LOC_STRINGS = YES;
				SWIFT_VERSION = 5.0;
				TARGETED_DEVICE_FAMILY = "1,2";
			};
			name = Release;
		};
		C1D8A22227EAF97C00CCCED7 /* Debug */ = {
			isa = XCBuildConfiguration;
			buildSettings = {
				ALWAYS_EMBED_SWIFT_STANDARD_LIBRARIES = YES;
				BUNDLE_LOADER = "$(TEST_HOST)";
				CODE_SIGN_STYLE = Automatic;
				CURRENT_PROJECT_VERSION = 1;
				GENERATE_INFOPLIST_FILE = YES;
				IPHONEOS_DEPLOYMENT_TARGET = 15.4;
				MARKETING_VERSION = 1.0;
				PRODUCT_BUNDLE_IDENTIFIER = "com.my.UI-ComponentTests";
				PRODUCT_NAME = "$(TARGET_NAME)";
				SWIFT_EMIT_LOC_STRINGS = NO;
				SWIFT_VERSION = 5.0;
				TARGETED_DEVICE_FAMILY = "1,2";
				TEST_HOST = "$(BUILT_PRODUCTS_DIR)/UI-Component.app/UI-Component";
			};
			name = Debug;
		};
		C1D8A22327EAF97C00CCCED7 /* Release */ = {
			isa = XCBuildConfiguration;
			buildSettings = {
				ALWAYS_EMBED_SWIFT_STANDARD_LIBRARIES = YES;
				BUNDLE_LOADER = "$(TEST_HOST)";
				CODE_SIGN_STYLE = Automatic;
				CURRENT_PROJECT_VERSION = 1;
				GENERATE_INFOPLIST_FILE = YES;
				IPHONEOS_DEPLOYMENT_TARGET = 15.4;
				MARKETING_VERSION = 1.0;
				PRODUCT_BUNDLE_IDENTIFIER = "com.my.UI-ComponentTests";
				PRODUCT_NAME = "$(TARGET_NAME)";
				SWIFT_EMIT_LOC_STRINGS = NO;
				SWIFT_VERSION = 5.0;
				TARGETED_DEVICE_FAMILY = "1,2";
				TEST_HOST = "$(BUILT_PRODUCTS_DIR)/UI-Component.app/UI-Component";
			};
			name = Release;
		};
		C1D8A22527EAF97C00CCCED7 /* Debug */ = {
			isa = XCBuildConfiguration;
			buildSettings = {
				ALWAYS_EMBED_SWIFT_STANDARD_LIBRARIES = YES;
				CODE_SIGN_STYLE = Automatic;
				CURRENT_PROJECT_VERSION = 1;
				GENERATE_INFOPLIST_FILE = YES;
				MARKETING_VERSION = 1.0;
				PRODUCT_BUNDLE_IDENTIFIER = "com.my.UI-ComponentUITests";
				PRODUCT_NAME = "$(TARGET_NAME)";
				SWIFT_EMIT_LOC_STRINGS = NO;
				SWIFT_VERSION = 5.0;
				TARGETED_DEVICE_FAMILY = "1,2";
				TEST_TARGET_NAME = "UI-Component";
			};
			name = Debug;
		};
		C1D8A22627EAF97C00CCCED7 /* Release */ = {
			isa = XCBuildConfiguration;
			buildSettings = {
				ALWAYS_EMBED_SWIFT_STANDARD_LIBRARIES = YES;
				CODE_SIGN_STYLE = Automatic;
				CURRENT_PROJECT_VERSION = 1;
				GENERATE_INFOPLIST_FILE = YES;
				MARKETING_VERSION = 1.0;
				PRODUCT_BUNDLE_IDENTIFIER = "com.my.UI-ComponentUITests";
				PRODUCT_NAME = "$(TARGET_NAME)";
				SWIFT_EMIT_LOC_STRINGS = NO;
				SWIFT_VERSION = 5.0;
				TARGETED_DEVICE_FAMILY = "1,2";
				TEST_TARGET_NAME = "UI-Component";
			};
			name = Release;
		};
/* End XCBuildConfiguration section */

/* Begin XCConfigurationList section */
		C1D8A1F527EAF97A00CCCED7 /* Build configuration list for PBXProject "UI-Component" */ = {
			isa = XCConfigurationList;
			buildConfigurations = (
				C1D8A21C27EAF97C00CCCED7 /* Debug */,
				C1D8A21D27EAF97C00CCCED7 /* Release */,
			);
			defaultConfigurationIsVisible = 0;
			defaultConfigurationName = Release;
		};
		C1D8A21E27EAF97C00CCCED7 /* Build configuration list for PBXNativeTarget "UI-Component" */ = {
			isa = XCConfigurationList;
			buildConfigurations = (
				C1D8A21F27EAF97C00CCCED7 /* Debug */,
				C1D8A22027EAF97C00CCCED7 /* Release */,
			);
			defaultConfigurationIsVisible = 0;
			defaultConfigurationName = Release;
		};
		C1D8A22127EAF97C00CCCED7 /* Build configuration list for PBXNativeTarget "UI-ComponentTests" */ = {
			isa = XCConfigurationList;
			buildConfigurations = (
				C1D8A22227EAF97C00CCCED7 /* Debug */,
				C1D8A22327EAF97C00CCCED7 /* Release */,
			);
			defaultConfigurationIsVisible = 0;
			defaultConfigurationName = Release;
		};
		C1D8A22427EAF97C00CCCED7 /* Build configuration list for PBXNativeTarget "UI-ComponentUITests" */ = {
			isa = XCConfigurationList;
			buildConfigurations = (
				C1D8A22527EAF97C00CCCED7 /* Debug */,
				C1D8A22627EAF97C00CCCED7 /* Release */,
			);
			defaultConfigurationIsVisible = 0;
			defaultConfigurationName = Release;
		};
/* End XCConfigurationList section */
	};
	rootObject = C1D8A1F227EAF97A00CCCED7 /* Project object */;
}
